// !$*UTF8*$!
{
	archiveVersion = 1;
	classes = {
	};
	objectVersion = 50;
	objects = {

/* Begin PBXBuildFile section */
		2DFF19BA23DBC202004CF665 /* collide.cpp in Sources */ = {isa = PBXBuildFile; fileRef = 2DFF19B823DBC202004CF665 /* collide.cpp */; };
		2DFF19BD23DBC28D004CF665 /* graphics.cpp in Sources */ = {isa = PBXBuildFile; fileRef = 2DFF19BB23DBC28D004CF665 /* graphics.cpp */; };
		2DFF19C023DBC2E9004CF665 /* circle.cpp in Sources */ = {isa = PBXBuildFile; fileRef = 2DFF19BE23DBC2E9004CF665 /* circle.cpp */; };
		2DFF19C323DBC59D004CF665 /* GLUT.framework in Frameworks */ = {isa = PBXBuildFile; fileRef = 2DFF19C223DBC59D004CF665 /* GLUT.framework */; };
		2DFF19C523DBC5A4004CF665 /* OpenGL.framework in Frameworks */ = {isa = PBXBuildFile; fileRef = 2DFF19C423DBC5A4004CF665 /* OpenGL.framework */; };
/* End PBXBuildFile section */

/* Begin PBXCopyFilesBuildPhase section */
		2DFF19AC23DBC1DF004CF665 /* CopyFiles */ = {
			isa = PBXCopyFilesBuildPhase;
			buildActionMask = 2147483647;
			dstPath = /usr/share/man/man1/;
			dstSubfolderSpec = 0;
			files = (
			);
			runOnlyForDeploymentPostprocessing = 1;
		};
/* End PBXCopyFilesBuildPhase section */

/* Begin PBXFileReference section */
		2DFF19AE23DBC1DF004CF665 /* Program 3-physics */ = {isa = PBXFileReference; explicitFileType = "compiled.mach-o.executable"; includeInIndex = 0; path = "Program 3-physics"; sourceTree = BUILT_PRODUCTS_DIR; };
		2DFF19B823DBC202004CF665 /* collide.cpp */ = {isa = PBXFileReference; lastKnownFileType = sourcecode.cpp.cpp; path = collide.cpp; sourceTree = "<group>"; };
		2DFF19B923DBC202004CF665 /* collide.h */ = {isa = PBXFileReference; lastKnownFileType = sourcecode.c.h; path = collide.h; sourceTree = "<group>"; };
		2DFF19BB23DBC28D004CF665 /* graphics.cpp */ = {isa = PBXFileReference; lastKnownFileType = sourcecode.cpp.cpp; path = graphics.cpp; sourceTree = "<group>"; };
		2DFF19BC23DBC28D004CF665 /* graphics.h */ = {isa = PBXFileReference; lastKnownFileType = sourcecode.c.h; path = graphics.h; sourceTree = "<group>"; };
		2DFF19BE23DBC2E9004CF665 /* circle.cpp */ = {isa = PBXFileReference; lastKnownFileType = sourcecode.cpp.cpp; path = circle.cpp; sourceTree = "<group>"; };
		2DFF19BF23DBC2E9004CF665 /* circle.h */ = {isa = PBXFileReference; lastKnownFileType = sourcecode.c.h; path = circle.h; sourceTree = "<group>"; };
		2DFF19C223DBC59D004CF665 /* GLUT.framework */ = {isa = PBXFileReference; lastKnownFileType = wrapper.framework; name = GLUT.framework; path = System/Library/Frameworks/GLUT.framework; sourceTree = SDKROOT; };
		2DFF19C423DBC5A4004CF665 /* OpenGL.framework */ = {isa = PBXFileReference; lastKnownFileType = wrapper.framework; name = OpenGL.framework; path = System/Library/Frameworks/OpenGL.framework; sourceTree = SDKROOT; };
/* End PBXFileReference section */

/* Begin PBXFrameworksBuildPhase section */
		2DFF19AB23DBC1DF004CF665 /* Frameworks */ = {
			isa = PBXFrameworksBuildPhase;
			buildActionMask = 2147483647;
			files = (
				2DFF19C523DBC5A4004CF665 /* OpenGL.framework in Frameworks */,
				2DFF19C323DBC59D004CF665 /* GLUT.framework in Frameworks */,
			);
			runOnlyForDeploymentPostprocessing = 0;
		};
/* End PBXFrameworksBuildPhase section */

/* Begin PBXGroup section */
		2DFF19A523DBC1DF004CF665 = {
			isa = PBXGroup;
			children = (
				2DFF19B023DBC1DF004CF665 /* Program 3-physics */,
				2DFF19AF23DBC1DF004CF665 /* Products */,
				2DFF19C123DBC59C004CF665 /* Frameworks */,
			);
			sourceTree = "<group>";
		};
		2DFF19AF23DBC1DF004CF665 /* Products */ = {
			isa = PBXGroup;
			children = (
				2DFF19AE23DBC1DF004CF665 /* Program 3-physics */,
			);
			name = Products;
			sourceTree = "<group>";
		};
		2DFF19B023DBC1DF004CF665 /* Program 3-physics */ = {
			isa = PBXGroup;
			children = (
				2DFF19B823DBC202004CF665 /* collide.cpp */,
				2DFF19B923DBC202004CF665 /* collide.h */,
				2DFF19BE23DBC2E9004CF665 /* circle.cpp */,
				2DFF19BF23DBC2E9004CF665 /* circle.h */,
				2DFF19BB23DBC28D004CF665 /* graphics.cpp */,
				2DFF19BC23DBC28D004CF665 /* graphics.h */,
			);
			path = "Program 3-physics";
			sourceTree = "<group>";
		};
		2DFF19C123DBC59C004CF665 /* Frameworks */ = {
			isa = PBXGroup;
			children = (
				2DFF19C423DBC5A4004CF665 /* OpenGL.framework */,
				2DFF19C223DBC59D004CF665 /* GLUT.framework */,
			);
			name = Frameworks;
			sourceTree = "<group>";
		};
/* End PBXGroup section */

/* Begin PBXNativeTarget section */
		2DFF19AD23DBC1DF004CF665 /* Program 3-physics */ = {
			isa = PBXNativeTarget;
			buildConfigurationList = 2DFF19B523DBC1DF004CF665 /* Build configuration list for PBXNativeTarget "Program 3-physics" */;
			buildPhases = (
				2DFF19AA23DBC1DF004CF665 /* Sources */,
				2DFF19AB23DBC1DF004CF665 /* Frameworks */,
				2DFF19AC23DBC1DF004CF665 /* CopyFiles */,
			);
			buildRules = (
			);
			dependencies = (
			);
			name = "Program 3-physics";
			productName = "Program 3-physics";
			productReference = 2DFF19AE23DBC1DF004CF665 /* Program 3-physics */;
			productType = "com.apple.product-type.tool";
		};
/* End PBXNativeTarget section */

/* Begin PBXProject section */
		2DFF19A623DBC1DF004CF665 /* Project object */ = {
			isa = PBXProject;
			attributes = {
				LastUpgradeCheck = 1030;
				ORGANIZATIONNAME = "Trey Winward";
				TargetAttributes = {
					2DFF19AD23DBC1DF004CF665 = {
						CreatedOnToolsVersion = 10.3;
					};
				};
			};
			buildConfigurationList = 2DFF19A923DBC1DF004CF665 /* Build configuration list for PBXProject "Program 3-physics" */;
			compatibilityVersion = "Xcode 9.3";
			developmentRegion = en;
			hasScannedForEncodings = 0;
			knownRegions = (
				en,
			);
			mainGroup = 2DFF19A523DBC1DF004CF665;
			productRefGroup = 2DFF19AF23DBC1DF004CF665 /* Products */;
			projectDirPath = "";
			projectRoot = "";
			targets = (
				2DFF19AD23DBC1DF004CF665 /* Program 3-physics */,
			);
		};
/* End PBXProject section */

/* Begin PBXSourcesBuildPhase section */
		2DFF19AA23DBC1DF004CF665 /* Sources */ = {
			isa = PBXSourcesBuildPhase;
			buildActionMask = 2147483647;
			files = (
				2DFF19BA23DBC202004CF665 /* collide.cpp in Sources */,
				2DFF19C023DBC2E9004CF665 /* circle.cpp in Sources */,
				2DFF19BD23DBC28D004CF665 /* graphics.cpp in Sources */,
			);
			runOnlyForDeploymentPostprocessing = 0;
		};
/* End PBXSourcesBuildPhase section */

/* Begin XCBuildConfiguration section */
		2DFF19B323DBC1DF004CF665 /* Debug */ = {
			isa = XCBuildConfiguration;
			buildSettings = {
				ALWAYS_SEARCH_USER_PATHS = NO;
				CLANG_ANALYZER_NONNULL = YES;
				CLANG_ANALYZER_NUMBER_OBJECT_CONVERSION = YES_AGGRESSIVE;
				CLANG_CXX_LANGUAGE_STANDARD = "gnu++14";
				CLANG_CXX_LIBRARY = "libc++";
				CLANG_ENABLE_MODULES = YES;
				CLANG_ENABLE_OBJC_ARC = YES;
				CLANG_ENABLE_OBJC_WEAK = YES;
				CLANG_WARN_BLOCK_CAPTURE_AUTORELEASING = YES;
				CLANG_WARN_BOOL_CONVERSION = YES;
				CLANG_WARN_COMMA = YES;
				CLANG_WARN_CONSTANT_CONVERSION = YES;
				CLANG_WARN_DEPRECATED_OBJC_IMPLEMENTATIONS = YES;
				CLANG_WARN_DIRECT_OBJC_ISA_USAGE = YES_ERROR;
				CLANG_WARN_DOCUMENTATION_COMMENTS = YES;
				CLANG_WARN_EMPTY_BODY = YES;
				CLANG_WARN_ENUM_CONVERSION = YES;
				CLANG_WARN_INFINITE_RECURSION = YES;
				CLANG_WARN_INT_CONVERSION = YES;
				CLANG_WARN_NON_LITERAL_NULL_CONVERSION = YES;
				CLANG_WARN_OBJC_IMPLICIT_RETAIN_SELF = YES;
				CLANG_WARN_OBJC_LITERAL_CONVERSION = YES;
				CLANG_WARN_OBJC_ROOT_CLASS = YES_ERROR;
				CLANG_WARN_RANGE_LOOP_ANALYSIS = YES;
				CLANG_WARN_STRICT_PROTOTYPES = YES;
				CLANG_WARN_SUSPICIOUS_MOVE = YES;
				CLANG_WARN_UNGUARDED_AVAILABILITY = YES_AGGRESSIVE;
				CLANG_WARN_UNREACHABLE_CODE = YES;
				CLANG_WARN__DUPLICATE_METHOD_MATCH = YES;
				CODE_SIGN_IDENTITY = "-";
				COPY_PHASE_STRIP = NO;
				DEBUG_INFORMATION_FORMAT = dwarf;
				ENABLE_STRICT_OBJC_MSGSEND = YES;
				ENABLE_TESTABILITY = YES;
				GCC_C_LANGUAGE_STANDARD = gnu11;
				GCC_DYNAMIC_NO_PIC = NO;
				GCC_NO_COMMON_BLOCKS = YES;
				GCC_OPTIMIZATION_LEVEL = 0;
				GCC_PREPROCESSOR_DEFINITIONS = (
					"DEBUG=1",
					"$(inherited)",
				);
				GCC_WARN_64_TO_32_BIT_CONVERSION = YES;
				GCC_WARN_ABOUT_RETURN_TYPE = YES_ERROR;
				GCC_WARN_UNDECLARED_SELECTOR = YES;
				GCC_WARN_UNINITIALIZED_AUTOS = YES_AGGRESSIVE;
				GCC_WARN_UNUSED_FUNCTION = YES;
				GCC_WARN_UNUSED_VARIABLE = YES;
				MACOSX_DEPLOYMENT_TARGET = 10.14;
				MTL_ENABLE_DEBUG_INFO = INCLUDE_SOURCE;
				MTL_FAST_MATH = YES;
				ONLY_ACTIVE_ARCH = YES;
				SDKROOT = macosx;
			};
			name = Debug;
		};
		2DFF19B423DBC1DF004CF665 /* Release */ = {
			isa = XCBuildConfiguration;
			buildSettings = {
				ALWAYS_SEARCH_USER_PATHS = NO;
				CLANG_ANALYZER_NONNULL = YES;
				CLANG_ANALYZER_NUMBER_OBJECT_CONVERSION = YES_AGGRESSIVE;
				CLANG_CXX_LANGUAGE_STANDARD = "gnu++14";
				CLANG_CXX_LIBRARY = "libc++";
				CLANG_ENABLE_MODULES = YES;
				CLANG_ENABLE_OBJC_ARC = YES;
				CLANG_ENABLE_OBJC_WEAK = YES;
				CLANG_WARN_BLOCK_CAPTURE_AUTORELEASING = YES;
				CLANG_WARN_BOOL_CONVERSION = YES;
				CLANG_WARN_COMMA = YES;
				CLANG_WARN_CONSTANT_CONVERSION = YES;
				CLANG_WARN_DEPRECATED_OBJC_IMPLEMENTATIONS = YES;
				CLANG_WARN_DIRECT_OBJC_ISA_USAGE = YES_ERROR;
				CLANG_WARN_DOCUMENTATION_COMMENTS = YES;
				CLANG_WARN_EMPTY_BODY = YES;
				CLANG_WARN_ENUM_CONVERSION = YES;
				CLANG_WARN_INFINITE_RECURSION = YES;
				CLANG_WARN_INT_CONVERSION = YES;
				CLANG_WARN_NON_LITERAL_NULL_CONVERSION = YES;
				CLANG_WARN_OBJC_IMPLICIT_RETAIN_SELF = YES;
				CLANG_WARN_OBJC_LITERAL_CONVERSION = YES;
				CLANG_WARN_OBJC_ROOT_CLASS = YES_ERROR;
				CLANG_WARN_RANGE_LOOP_ANALYSIS = YES;
				CLANG_WARN_STRICT_PROTOTYPES = YES;
				CLANG_WARN_SUSPICIOUS_MOVE = YES;
				CLANG_WARN_UNGUARDED_AVAILABILITY = YES_AGGRESSIVE;
				CLANG_WARN_UNREACHABLE_CODE = YES;
				CLANG_WARN__DUPLICATE_METHOD_MATCH = YES;
				CODE_SIGN_IDENTITY = "-";
				COPY_PHASE_STRIP = NO;
				DEBUG_INFORMATION_FORMAT = "dwarf-with-dsym";
				ENABLE_NS_ASSERTIONS = NO;
				ENABLE_STRICT_OBJC_MSGSEND = YES;
				GCC_C_LANGUAGE_STANDARD = gnu11;
				GCC_NO_COMMON_BLOCKS = YES;
				GCC_WARN_64_TO_32_BIT_CONVERSION = YES;
				GCC_WARN_ABOUT_RETURN_TYPE = YES_ERROR;
				GCC_WARN_UNDECLARED_SELECTOR = YES;
				GCC_WARN_UNINITIALIZED_AUTOS = YES_AGGRESSIVE;
				GCC_WARN_UNUSED_FUNCTION = YES;
				GCC_WARN_UNUSED_VARIABLE = YES;
				MACOSX_DEPLOYMENT_TARGET = 10.14;
				MTL_ENABLE_DEBUG_INFO = NO;
				MTL_FAST_MATH = YES;
				SDKROOT = macosx;
			};
			name = Release;
		};
		2DFF19B623DBC1DF004CF665 /* Debug */ = {
			isa = XCBuildConfiguration;
			buildSettings = {
				CODE_SIGN_STYLE = Automatic;
				PRODUCT_NAME = "$(TARGET_NAME)";
			};
			name = Debug;
		};
		2DFF19B723DBC1DF004CF665 /* Release */ = {
			isa = XCBuildConfiguration;
			buildSettings = {
				CODE_SIGN_STYLE = Automatic;
				PRODUCT_NAME = "$(TARGET_NAME)";
			};
			name = Release;
		};
/* End XCBuildConfiguration section */

/* Begin XCConfigurationList section */
		2DFF19A923DBC1DF004CF665 /* Build configuration list for PBXProject "Program 3-physics" */ = {
			isa = XCConfigurationList;
			buildConfigurations = (
				2DFF19B323DBC1DF004CF665 /* Debug */,
				2DFF19B423DBC1DF004CF665 /* Release */,
			);
			defaultConfigurationIsVisible = 0;
			defaultConfigurationName = Release;
		};
		2DFF19B523DBC1DF004CF665 /* Build configuration list for PBXNativeTarget "Program 3-physics" */ = {
			isa = XCConfigurationList;
			buildConfigurations = (
				2DFF19B623DBC1DF004CF665 /* Debug */,
				2DFF19B723DBC1DF004CF665 /* Release */,
			);
			defaultConfigurationIsVisible = 0;
			defaultConfigurationName = Release;
		};
/* End XCConfigurationList section */
	};
	rootObject = 2DFF19A623DBC1DF004CF665 /* Project object */;
}
