// !$*UTF8*$!
{
	archiveVersion = 1;
	classes = {
	};
	objectVersion = 50;
	objects = {

/* Begin PBXBuildFile section */
		4AD1194923E0F04F0037F47C /* GLUT.framework in Frameworks */ = {isa = PBXBuildFile; fileRef = 4AD1194823E0F04F0037F47C /* GLUT.framework */; };
		4AD1194B23E0F0550037F47C /* OpenGL.framework in Frameworks */ = {isa = PBXBuildFile; fileRef = 4AD1194A23E0F0550037F47C /* OpenGL.framework */; };
		4AD1196023E0F1910037F47C /* vector.cpp in Sources */ = {isa = PBXBuildFile; fileRef = 4AD1195E23E0F1910037F47C /* vector.cpp */; };
		4AD1196323E0F21C0037F47C /* particle.cpp in Sources */ = {isa = PBXBuildFile; fileRef = 4AD1196123E0F21C0037F47C /* particle.cpp */; };
		4AD1196523E0F2640037F47C /* graphics_springs.cpp in Sources */ = {isa = PBXBuildFile; fileRef = 4AD1196423E0F2640037F47C /* graphics_springs.cpp */; };
		4AD1196923E0F2A60037F47C /* forces.cpp in Sources */ = {isa = PBXBuildFile; fileRef = 4AD1196723E0F2A60037F47C /* forces.cpp */; };
		4AD1196B23E0F2D50037F47C /* collision.cpp in Sources */ = {isa = PBXBuildFile; fileRef = 4AD1196A23E0F2D50037F47C /* collision.cpp */; };
/* End PBXBuildFile section */

/* Begin PBXCopyFilesBuildPhase section */
		4AD1193B23E0F0360037F47C /* CopyFiles */ = {
			isa = PBXCopyFilesBuildPhase;
			buildActionMask = 2147483647;
			dstPath = /usr/share/man/man1/;
			dstSubfolderSpec = 0;
			files = (
			);
			runOnlyForDeploymentPostprocessing = 1;
		};
/* End PBXCopyFilesBuildPhase section */

/* Begin PBXFileReference section */
		4AD1193D23E0F0370037F47C /* Program4 */ = {isa = PBXFileReference; explicitFileType = "compiled.mach-o.executable"; includeInIndex = 0; path = Program4; sourceTree = BUILT_PRODUCTS_DIR; };
		4AD1194823E0F04F0037F47C /* GLUT.framework */ = {isa = PBXFileReference; lastKnownFileType = wrapper.framework; name = GLUT.framework; path = System/Library/Frameworks/GLUT.framework; sourceTree = SDKROOT; };
		4AD1194A23E0F0550037F47C /* OpenGL.framework */ = {isa = PBXFileReference; lastKnownFileType = wrapper.framework; name = OpenGL.framework; path = System/Library/Frameworks/OpenGL.framework; sourceTree = SDKROOT; };
		4AD1195E23E0F1910037F47C /* vector.cpp */ = {isa = PBXFileReference; lastKnownFileType = sourcecode.cpp.cpp; path = vector.cpp; sourceTree = "<group>"; };
		4AD1195F23E0F1910037F47C /* vector.h */ = {isa = PBXFileReference; lastKnownFileType = sourcecode.c.h; path = vector.h; sourceTree = "<group>"; };
		4AD1196123E0F21C0037F47C /* particle.cpp */ = {isa = PBXFileReference; lastKnownFileType = sourcecode.cpp.cpp; path = particle.cpp; sourceTree = "<group>"; };
		4AD1196223E0F21C0037F47C /* particle.h */ = {isa = PBXFileReference; lastKnownFileType = sourcecode.c.h; path = particle.h; sourceTree = "<group>"; };
		4AD1196423E0F2640037F47C /* graphics_springs.cpp */ = {isa = PBXFileReference; lastKnownFileType = sourcecode.cpp.cpp; path = graphics_springs.cpp; sourceTree = "<group>"; };
		4AD1196623E0F28B0037F47C /* graphics.h */ = {isa = PBXFileReference; lastKnownFileType = sourcecode.c.h; path = graphics.h; sourceTree = "<group>"; };
		4AD1196723E0F2A60037F47C /* forces.cpp */ = {isa = PBXFileReference; lastKnownFileType = sourcecode.cpp.cpp; path = forces.cpp; sourceTree = "<group>"; };
		4AD1196823E0F2A60037F47C /* forces.h */ = {isa = PBXFileReference; lastKnownFileType = sourcecode.c.h; path = forces.h; sourceTree = "<group>"; };
		4AD1196A23E0F2D50037F47C /* collision.cpp */ = {isa = PBXFileReference; lastKnownFileType = sourcecode.cpp.cpp; path = collision.cpp; sourceTree = "<group>"; };
		4AD1196C23E0F31D0037F47C /* glut.h */ = {isa = PBXFileReference; lastKnownFileType = sourcecode.c.h; path = glut.h; sourceTree = "<group>"; };
		4AD1196D23E0F96E0037F47C /* t.txt */ = {isa = PBXFileReference; lastKnownFileType = text; path = t.txt; sourceTree = "<group>"; };
/* End PBXFileReference section */

/* Begin PBXFrameworksBuildPhase section */
		4AD1193A23E0F0360037F47C /* Frameworks */ = {
			isa = PBXFrameworksBuildPhase;
			buildActionMask = 2147483647;
			files = (
				4AD1194923E0F04F0037F47C /* GLUT.framework in Frameworks */,
				4AD1194B23E0F0550037F47C /* OpenGL.framework in Frameworks */,
			);
			runOnlyForDeploymentPostprocessing = 0;
		};
/* End PBXFrameworksBuildPhase section */

/* Begin PBXGroup section */
		4AD1193423E0F0360037F47C = {
			isa = PBXGroup;
			children = (
				4AD1193F23E0F0370037F47C /* Program4 */,
				4AD1193E23E0F0370037F47C /* Products */,
				4AD1194723E0F04F0037F47C /* Frameworks */,
			);
			sourceTree = "<group>";
		};
		4AD1193E23E0F0370037F47C /* Products */ = {
			isa = PBXGroup;
			children = (
				4AD1193D23E0F0370037F47C /* Program4 */,
			);
			name = Products;
			sourceTree = "<group>";
		};
		4AD1193F23E0F0370037F47C /* Program4 */ = {
			isa = PBXGroup;
			children = (
				4AD1196223E0F21C0037F47C /* particle.h */,
				4AD1196123E0F21C0037F47C /* particle.cpp */,
				4AD1196423E0F2640037F47C /* graphics_springs.cpp */,
				4AD1196623E0F28B0037F47C /* graphics.h */,
				4AD1196723E0F2A60037F47C /* forces.cpp */,
				4AD1196A23E0F2D50037F47C /* collision.cpp */,
				4AD1196C23E0F31D0037F47C /* glut.h */,
				4AD1196823E0F2A60037F47C /* forces.h */,
				4AD1195F23E0F1910037F47C /* vector.h */,
				4AD1195E23E0F1910037F47C /* vector.cpp */,
				4AD1196D23E0F96E0037F47C /* t.txt */,
			);
			path = Program4;
			sourceTree = "<group>";
		};
		4AD1194723E0F04F0037F47C /* Frameworks */ = {
			isa = PBXGroup;
			children = (
				4AD1194A23E0F0550037F47C /* OpenGL.framework */,
				4AD1194823E0F04F0037F47C /* GLUT.framework */,
			);
			name = Frameworks;
			sourceTree = "<group>";
		};
/* End PBXGroup section */

/* Begin PBXNativeTarget section */
		4AD1193C23E0F0360037F47C /* Program4 */ = {
			isa = PBXNativeTarget;
			buildConfigurationList = 4AD1194423E0F0370037F47C /* Build configuration list for PBXNativeTarget "Program4" */;
			buildPhases = (
				4AD1193923E0F0360037F47C /* Sources */,
				4AD1193A23E0F0360037F47C /* Frameworks */,
				4AD1193B23E0F0360037F47C /* CopyFiles */,
			);
			buildRules = (
			);
			dependencies = (
			);
			name = Program4;
			productName = Program4;
			productReference = 4AD1193D23E0F0370037F47C /* Program4 */;
			productType = "com.apple.product-type.tool";
		};
/* End PBXNativeTarget section */

/* Begin PBXProject section */
		4AD1193523E0F0360037F47C /* Project object */ = {
			isa = PBXProject;
			attributes = {
				LastUpgradeCheck = 1120;
				ORGANIZATIONNAME = "Treydin M. Winward";
				TargetAttributes = {
					4AD1193C23E0F0360037F47C = {
						CreatedOnToolsVersion = 11.2.1;
					};
				};
			};
			buildConfigurationList = 4AD1193823E0F0360037F47C /* Build configuration list for PBXProject "Program4" */;
			compatibilityVersion = "Xcode 9.3";
			developmentRegion = en;
			hasScannedForEncodings = 0;
			knownRegions = (
				en,
				Base,
			);
			mainGroup = 4AD1193423E0F0360037F47C;
			productRefGroup = 4AD1193E23E0F0370037F47C /* Products */;
			projectDirPath = "";
			projectRoot = "";
			targets = (
				4AD1193C23E0F0360037F47C /* Program4 */,
			);
		};
/* End PBXProject section */

/* Begin PBXSourcesBuildPhase section */
		4AD1193923E0F0360037F47C /* Sources */ = {
			isa = PBXSourcesBuildPhase;
			buildActionMask = 2147483647;
			files = (
				4AD1196023E0F1910037F47C /* vector.cpp in Sources */,
				4AD1196B23E0F2D50037F47C /* collision.cpp in Sources */,
				4AD1196923E0F2A60037F47C /* forces.cpp in Sources */,
				4AD1196523E0F2640037F47C /* graphics_springs.cpp in Sources */,
				4AD1196323E0F21C0037F47C /* particle.cpp in Sources */,
			);
			runOnlyForDeploymentPostprocessing = 0;
		};
/* End PBXSourcesBuildPhase section */

/* Begin XCBuildConfiguration section */
		4AD1194223E0F0370037F47C /* Debug */ = {
			isa = XCBuildConfiguration;
			buildSettings = {
				ALWAYS_SEARCH_USER_PATHS = NO;
				CLANG_ANALYZER_NONNULL = YES;
				CLANG_ANALYZER_NUMBER_OBJECT_CONVERSION = YES_AGGRESSIVE;
				CLANG_CXX_LANGUAGE_STANDARD = "gnu++14";
				CLANG_CXX_LIBRARY = "libc++";
				CLANG_ENABLE_MODULES = YES;
				CLANG_ENABLE_OBJC_ARC = YES;
				CLANG_ENABLE_OBJC_WEAK = YES;
				CLANG_WARN_BLOCK_CAPTURE_AUTORELEASING = YES;
				CLANG_WARN_BOOL_CONVERSION = YES;
				CLANG_WARN_COMMA = YES;
				CLANG_WARN_CONSTANT_CONVERSION = YES;
				CLANG_WARN_DEPRECATED_OBJC_IMPLEMENTATIONS = YES;
				CLANG_WARN_DIRECT_OBJC_ISA_USAGE = YES_ERROR;
				CLANG_WARN_DOCUMENTATION_COMMENTS = YES;
				CLANG_WARN_EMPTY_BODY = YES;
				CLANG_WARN_ENUM_CONVERSION = YES;
				CLANG_WARN_INFINITE_RECURSION = YES;
				CLANG_WARN_INT_CONVERSION = YES;
				CLANG_WARN_NON_LITERAL_NULL_CONVERSION = YES;
				CLANG_WARN_OBJC_IMPLICIT_RETAIN_SELF = YES;
				CLANG_WARN_OBJC_LITERAL_CONVERSION = YES;
				CLANG_WARN_OBJC_ROOT_CLASS = YES_ERROR;
				CLANG_WARN_RANGE_LOOP_ANALYSIS = YES;
				CLANG_WARN_STRICT_PROTOTYPES = YES;
				CLANG_WARN_SUSPICIOUS_MOVE = YES;
				CLANG_WARN_UNGUARDED_AVAILABILITY = YES_AGGRESSIVE;
				CLANG_WARN_UNREACHABLE_CODE = YES;
				CLANG_WARN__DUPLICATE_METHOD_MATCH = YES;
				COPY_PHASE_STRIP = NO;
				DEBUG_INFORMATION_FORMAT = dwarf;
				ENABLE_STRICT_OBJC_MSGSEND = YES;
				ENABLE_TESTABILITY = YES;
				GCC_C_LANGUAGE_STANDARD = gnu11;
				GCC_DYNAMIC_NO_PIC = NO;
				GCC_NO_COMMON_BLOCKS = YES;
				GCC_OPTIMIZATION_LEVEL = 0;
				GCC_PREPROCESSOR_DEFINITIONS = (
					"DEBUG=1",
					"$(inherited)",
				);
				GCC_WARN_64_TO_32_BIT_CONVERSION = YES;
				GCC_WARN_ABOUT_RETURN_TYPE = YES_ERROR;
				GCC_WARN_UNDECLARED_SELECTOR = YES;
				GCC_WARN_UNINITIALIZED_AUTOS = YES_AGGRESSIVE;
				GCC_WARN_UNUSED_FUNCTION = YES;
				GCC_WARN_UNUSED_VARIABLE = YES;
				MACOSX_DEPLOYMENT_TARGET = 10.14;
				MTL_ENABLE_DEBUG_INFO = INCLUDE_SOURCE;
				MTL_FAST_MATH = YES;
				ONLY_ACTIVE_ARCH = YES;
				SDKROOT = macosx;
			};
			name = Debug;
		};
		4AD1194323E0F0370037F47C /* Release */ = {
			isa = XCBuildConfiguration;
			buildSettings = {
				ALWAYS_SEARCH_USER_PATHS = NO;
				CLANG_ANALYZER_NONNULL = YES;
				CLANG_ANALYZER_NUMBER_OBJECT_CONVERSION = YES_AGGRESSIVE;
				CLANG_CXX_LANGUAGE_STANDARD = "gnu++14";
				CLANG_CXX_LIBRARY = "libc++";
				CLANG_ENABLE_MODULES = YES;
				CLANG_ENABLE_OBJC_ARC = YES;
				CLANG_ENABLE_OBJC_WEAK = YES;
				CLANG_WARN_BLOCK_CAPTURE_AUTORELEASING = YES;
				CLANG_WARN_BOOL_CONVERSION = YES;
				CLANG_WARN_COMMA = YES;
				CLANG_WARN_CONSTANT_CONVERSION = YES;
				CLANG_WARN_DEPRECATED_OBJC_IMPLEMENTATIONS = YES;
				CLANG_WARN_DIRECT_OBJC_ISA_USAGE = YES_ERROR;
				CLANG_WARN_DOCUMENTATION_COMMENTS = YES;
				CLANG_WARN_EMPTY_BODY = YES;
				CLANG_WARN_ENUM_CONVERSION = YES;
				CLANG_WARN_INFINITE_RECURSION = YES;
				CLANG_WARN_INT_CONVERSION = YES;
				CLANG_WARN_NON_LITERAL_NULL_CONVERSION = YES;
				CLANG_WARN_OBJC_IMPLICIT_RETAIN_SELF = YES;
				CLANG_WARN_OBJC_LITERAL_CONVERSION = YES;
				CLANG_WARN_OBJC_ROOT_CLASS = YES_ERROR;
				CLANG_WARN_RANGE_LOOP_ANALYSIS = YES;
				CLANG_WARN_STRICT_PROTOTYPES = YES;
				CLANG_WARN_SUSPICIOUS_MOVE = YES;
				CLANG_WARN_UNGUARDED_AVAILABILITY = YES_AGGRESSIVE;
				CLANG_WARN_UNREACHABLE_CODE = YES;
				CLANG_WARN__DUPLICATE_METHOD_MATCH = YES;
				COPY_PHASE_STRIP = NO;
				DEBUG_INFORMATION_FORMAT = "dwarf-with-dsym";
				ENABLE_NS_ASSERTIONS = NO;
				ENABLE_STRICT_OBJC_MSGSEND = YES;
				GCC_C_LANGUAGE_STANDARD = gnu11;
				GCC_NO_COMMON_BLOCKS = YES;
				GCC_WARN_64_TO_32_BIT_CONVERSION = YES;
				GCC_WARN_ABOUT_RETURN_TYPE = YES_ERROR;
				GCC_WARN_UNDECLARED_SELECTOR = YES;
				GCC_WARN_UNINITIALIZED_AUTOS = YES_AGGRESSIVE;
				GCC_WARN_UNUSED_FUNCTION = YES;
				GCC_WARN_UNUSED_VARIABLE = YES;
				MACOSX_DEPLOYMENT_TARGET = 10.14;
				MTL_ENABLE_DEBUG_INFO = NO;
				MTL_FAST_MATH = YES;
				SDKROOT = macosx;
			};
			name = Release;
		};
		4AD1194523E0F0370037F47C /* Debug */ = {
			isa = XCBuildConfiguration;
			buildSettings = {
				CODE_SIGN_STYLE = Automatic;
				PRODUCT_NAME = "$(TARGET_NAME)";
			};
			name = Debug;
		};
		4AD1194623E0F0370037F47C /* Release */ = {
			isa = XCBuildConfiguration;
			buildSettings = {
				CODE_SIGN_STYLE = Automatic;
				PRODUCT_NAME = "$(TARGET_NAME)";
			};
			name = Release;
		};
/* End XCBuildConfiguration section */

/* Begin XCConfigurationList section */
		4AD1193823E0F0360037F47C /* Build configuration list for PBXProject "Program4" */ = {
			isa = XCConfigurationList;
			buildConfigurations = (
				4AD1194223E0F0370037F47C /* Debug */,
				4AD1194323E0F0370037F47C /* Release */,
			);
			defaultConfigurationIsVisible = 0;
			defaultConfigurationName = Release;
		};
		4AD1194423E0F0370037F47C /* Build configuration list for PBXNativeTarget "Program4" */ = {
			isa = XCConfigurationList;
			buildConfigurations = (
				4AD1194523E0F0370037F47C /* Debug */,
				4AD1194623E0F0370037F47C /* Release */,
			);
			defaultConfigurationIsVisible = 0;
			defaultConfigurationName = Release;
		};
/* End XCConfigurationList section */
	};
	rootObject = 4AD1193523E0F0360037F47C /* Project object */;
}
